
Microsoft Visual Studio Solution File, Format Version 12.00
# Visual Studio 2013
VisualStudioVersion = 12.0.40629.0
MinimumVisualStudioVersion = 10.0.40219.1
Project("{FAE04EC0-301F-11D3-BF4B-00C04F79EFBC}") = "BitrixScraper", "BitrixScraper\BitrixScraper.csproj", "{E6D182C4-9A24-4CB7-A3FD-61819D4C0851}"
EndProject
Project("{FAE04EC0-301F-11D3-BF4B-00C04F79EFBC}") = "ScraperLogic", "ScraperLogic\ScraperLogic.csproj", "{28689BF8-7AC9-4929-9E8E-906D1191EF83}"
EndProject
Global
	GlobalSection(SolutionConfigurationPlatforms) = preSolution
		Debug|Any CPU = Debug|Any CPU
		Release|Any CPU = Release|Any CPU
	EndGlobalSection
	GlobalSection(ProjectConfigurationPlatforms) = postSolution
		{E6D182C4-9A24-4CB7-A3FD-61819D4C0851}.Debug|Any CPU.ActiveCfg = Debug|Any CPU
		{E6D182C4-9A24-4CB7-A3FD-61819D4C0851}.Debug|Any CPU.Build.0 = Debug|Any CPU
		{E6D182C4-9A24-4CB7-A3FD-61819D4C0851}.Release|Any CPU.ActiveCfg = Release|Any CPU
		{E6D182C4-9A24-4CB7-A3FD-61819D4C0851}.Release|Any CPU.Build.0 = Release|Any CPU
		{28689BF8-7AC9-4929-9E8E-906D1191EF83}.Debug|Any CPU.ActiveCfg = Debug|Any CPU
		{28689BF8-7AC9-4929-9E8E-906D1191EF83}.Debug|Any CPU.Build.0 = Debug|Any CPU
		{28689BF8-7AC9-4929-9E8E-906D1191EF83}.Release|Any CPU.ActiveCfg = Release|Any CPU
		{28689BF8-7AC9-4929-9E8E-906D1191EF83}.Release|Any CPU.Build.0 = Release|Any CPU
	EndGlobalSection
	GlobalSection(SolutionProperties) = preSolution
		HideSolutionNode = FALSE
	EndGlobalSection
EndGlobal
